// !$*UTF8*$!
{
	archiveVersion = 1;
	classes = {
	};
	objectVersion = 50;
	objects = {

/* Begin PBXBuildFile section */
		239729E12225AF78004D176D /* Util.swift in Sources */ = {isa = PBXBuildFile; fileRef = 239729E02225AF78004D176D /* Util.swift */; };
		239729E522271B33004D176D /* MLUtils.swift in Sources */ = {isa = PBXBuildFile; fileRef = 239729E422271B33004D176D /* MLUtils.swift */; };
		239729EA222DA3AC004D176D /* motion-classifier.mlmodel in Sources */ = {isa = PBXBuildFile; fileRef = 239729E9222DA3AC004D176D /* motion-classifier.mlmodel */; };
		23B7373F22249269000C2C82 /* AppDelegate.swift in Sources */ = {isa = PBXBuildFile; fileRef = 23B7373E22249269000C2C82 /* AppDelegate.swift */; };
		23B7374122249269000C2C82 /* ViewController.swift in Sources */ = {isa = PBXBuildFile; fileRef = 23B7374022249269000C2C82 /* ViewController.swift */; };
		23B7374422249269000C2C82 /* Main.storyboard in Resources */ = {isa = PBXBuildFile; fileRef = 23B7374222249269000C2C82 /* Main.storyboard */; };
		23B737492224926C000C2C82 /* Assets.xcassets in Resources */ = {isa = PBXBuildFile; fileRef = 23B737482224926C000C2C82 /* Assets.xcassets */; };
		23B7374C2224926C000C2C82 /* LaunchScreen.storyboard in Resources */ = {isa = PBXBuildFile; fileRef = 23B7374A2224926C000C2C82 /* LaunchScreen.storyboard */; };
/* End PBXBuildFile section */

/* Begin PBXFileReference section */
		239729E02225AF78004D176D /* Util.swift */ = {isa = PBXFileReference; lastKnownFileType = sourcecode.swift; path = Util.swift; sourceTree = "<group>"; };
		239729E422271B33004D176D /* MLUtils.swift */ = {isa = PBXFileReference; lastKnownFileType = sourcecode.swift; path = MLUtils.swift; sourceTree = "<group>"; };
		239729E9222DA3AC004D176D /* motion-classifier.mlmodel */ = {isa = PBXFileReference; lastKnownFileType = file.mlmodel; path = "motion-classifier.mlmodel"; sourceTree = "<group>"; };
		23B7373B22249269000C2C82 /* MotionClassifier.app */ = {isa = PBXFileReference; explicitFileType = wrapper.application; includeInIndex = 0; path = MotionClassifier.app; sourceTree = BUILT_PRODUCTS_DIR; };
		23B7373E22249269000C2C82 /* AppDelegate.swift */ = {isa = PBXFileReference; lastKnownFileType = sourcecode.swift; path = AppDelegate.swift; sourceTree = "<group>"; };
		23B7374022249269000C2C82 /* ViewController.swift */ = {isa = PBXFileReference; lastKnownFileType = sourcecode.swift; path = ViewController.swift; sourceTree = "<group>"; };
		23B7374322249269000C2C82 /* Base */ = {isa = PBXFileReference; lastKnownFileType = file.storyboard; name = Base; path = Base.lproj/Main.storyboard; sourceTree = "<group>"; };
		23B737482224926C000C2C82 /* Assets.xcassets */ = {isa = PBXFileReference; lastKnownFileType = folder.assetcatalog; path = Assets.xcassets; sourceTree = "<group>"; };
		23B7374B2224926C000C2C82 /* Base */ = {isa = PBXFileReference; lastKnownFileType = file.storyboard; name = Base; path = Base.lproj/LaunchScreen.storyboard; sourceTree = "<group>"; };
		23B7374D2224926C000C2C82 /* Info.plist */ = {isa = PBXFileReference; lastKnownFileType = text.plist.xml; path = Info.plist; sourceTree = "<group>"; };
/* End PBXFileReference section */

/* Begin PBXFrameworksBuildPhase section */
		23B7373822249269000C2C82 /* Frameworks */ = {
			isa = PBXFrameworksBuildPhase;
			buildActionMask = 2147483647;
			files = (
			);
			runOnlyForDeploymentPostprocessing = 0;
		};
/* End PBXFrameworksBuildPhase section */

/* Begin PBXGroup section */
		23B7373222249269000C2C82 = {
			isa = PBXGroup;
			children = (
				23B7373D22249269000C2C82 /* MotionClassifier */,
				23B7373C22249269000C2C82 /* Products */,
			);
			sourceTree = "<group>";
		};
		23B7373C22249269000C2C82 /* Products */ = {
			isa = PBXGroup;
			children = (
				23B7373B22249269000C2C82 /* MotionClassifier.app */,
			);
			name = Products;
			sourceTree = "<group>";
		};
		23B7373D22249269000C2C82 /* MotionClassifier */ = {
			isa = PBXGroup;
			children = (
				23B7374222249269000C2C82 /* Main.storyboard */,
				23B7374022249269000C2C82 /* ViewController.swift */,
				239729E02225AF78004D176D /* Util.swift */,
				239729E422271B33004D176D /* MLUtils.swift */,
				239729E9222DA3AC004D176D /* motion-classifier.mlmodel */,
				23B7374D2224926C000C2C82 /* Info.plist */,
				23B7373E22249269000C2C82 /* AppDelegate.swift */,
				23B737482224926C000C2C82 /* Assets.xcassets */,
				23B7374A2224926C000C2C82 /* LaunchScreen.storyboard */,
			);
			path = MotionClassifier;
			sourceTree = "<group>";
		};
/* End PBXGroup section */

/* Begin PBXNativeTarget section */
		23B7373A22249269000C2C82 /* MotionClassifier */ = {
			isa = PBXNativeTarget;
			buildConfigurationList = 23B737502224926C000C2C82 /* Build configuration list for PBXNativeTarget "MotionClassifier" */;
			buildPhases = (
				23B7373722249269000C2C82 /* Sources */,
				23B7373822249269000C2C82 /* Frameworks */,
				23B7373922249269000C2C82 /* Resources */,
			);
			buildRules = (
			);
			dependencies = (
			);
			name = MotionClassifier;
			productName = MotionClassifier;
			productReference = 23B7373B22249269000C2C82 /* MotionClassifier.app */;
			productType = "com.apple.product-type.application";
		};
/* End PBXNativeTarget section */

/* Begin PBXProject section */
		23B7373322249269000C2C82 /* Project object */ = {
			isa = PBXProject;
			attributes = {
				LastSwiftUpdateCheck = 1010;
				LastUpgradeCheck = 1010;
				ORGANIZATIONNAME = "Martin Maritsch";
				TargetAttributes = {
					23B7373A22249269000C2C82 = {
						CreatedOnToolsVersion = 10.1;
					};
				};
			};
			buildConfigurationList = 23B7373622249269000C2C82 /* Build configuration list for PBXProject "MotionClassifier" */;
			compatibilityVersion = "Xcode 9.3";
			developmentRegion = en;
			hasScannedForEncodings = 0;
			knownRegions = (
				en,
				Base,
			);
			mainGroup = 23B7373222249269000C2C82;
			productRefGroup = 23B7373C22249269000C2C82 /* Products */;
			projectDirPath = "";
			projectRoot = "";
			targets = (
				23B7373A22249269000C2C82 /* MotionClassifier */,
			);
		};
/* End PBXProject section */

/* Begin PBXResourcesBuildPhase section */
		23B7373922249269000C2C82 /* Resources */ = {
			isa = PBXResourcesBuildPhase;
			buildActionMask = 2147483647;
			files = (
				23B7374C2224926C000C2C82 /* LaunchScreen.storyboard in Resources */,
				23B737492224926C000C2C82 /* Assets.xcassets in Resources */,
				23B7374422249269000C2C82 /* Main.storyboard in Resources */,
			);
			runOnlyForDeploymentPostprocessing = 0;
		};
/* End PBXResourcesBuildPhase section */

/* Begin PBXSourcesBuildPhase section */
		23B7373722249269000C2C82 /* Sources */ = {
			isa = PBXSourcesBuildPhase;
			buildActionMask = 2147483647;
			files = (
				23B7374122249269000C2C82 /* ViewController.swift in Sources */,
				239729EA222DA3AC004D176D /* motion-classifier.mlmodel in Sources */,
				239729E12225AF78004D176D /* Util.swift in Sources */,
				239729E522271B33004D176D /* MLUtils.swift in Sources */,
				23B7373F22249269000C2C82 /* AppDelegate.swift in Sources */,
			);
			runOnlyForDeploymentPostprocessing = 0;
		};
/* End PBXSourcesBuildPhase section */

/* Begin PBXVariantGroup section */
		23B7374222249269000C2C82 /* Main.storyboard */ = {
			isa = PBXVariantGroup;
			children = (
				23B7374322249269000C2C82 /* Base */,
			);
			name = Main.storyboard;
			sourceTree = "<group>";
		};
		23B7374A2224926C000C2C82 /* LaunchScreen.storyboard */ = {
			isa = PBXVariantGroup;
			children = (
				23B7374B2224926C000C2C82 /* Base */,
			);
			name = LaunchScreen.storyboard;
			sourceTree = "<group>";
		};
/* End PBXVariantGroup section */

/* Begin XCBuildConfiguration section */
		23B7374E2224926C000C2C82 /* Debug */ = {
			isa = XCBuildConfiguration;
			buildSettings = {
				ALWAYS_SEARCH_USER_PATHS = NO;
				CLANG_ANALYZER_NONNULL = YES;
				CLANG_ANALYZER_NUMBER_OBJECT_CONVERSION = YES_AGGRESSIVE;
				CLANG_CXX_LANGUAGE_STANDARD = "gnu++14";
				CLANG_CXX_LIBRARY = "libc++";
				CLANG_ENABLE_MODULES = YES;
				CLANG_ENABLE_OBJC_ARC = YES;
				CLANG_ENABLE_OBJC_WEAK = YES;
				CLANG_WARN_BLOCK_CAPTURE_AUTORELEASING = YES;
				CLANG_WARN_BOOL_CONVERSION = YES;
				CLANG_WARN_COMMA = YES;
				CLANG_WARN_CONSTANT_CONVERSION = YES;
				CLANG_WARN_DEPRECATED_OBJC_IMPLEMENTATIONS = YES;
				CLANG_WARN_DIRECT_OBJC_ISA_USAGE = YES_ERROR;
				CLANG_WARN_DOCUMENTATION_COMMENTS = YES;
				CLANG_WARN_EMPTY_BODY = YES;
				CLANG_WARN_ENUM_CONVERSION = YES;
				CLANG_WARN_INFINITE_RECURSION = YES;
				CLANG_WARN_INT_CONVERSION = YES;
				CLANG_WARN_NON_LITERAL_NULL_CONVERSION = YES;
				CLANG_WARN_OBJC_IMPLICIT_RETAIN_SELF = YES;
				CLANG_WARN_OBJC_LITERAL_CONVERSION = YES;
				CLANG_WARN_OBJC_ROOT_CLASS = YES_ERROR;
				CLANG_WARN_RANGE_LOOP_ANALYSIS = YES;
				CLANG_WARN_STRICT_PROTOTYPES = YES;
				CLANG_WARN_SUSPICIOUS_MOVE = YES;
				CLANG_WARN_UNGUARDED_AVAILABILITY = YES_AGGRESSIVE;
				CLANG_WARN_UNREACHABLE_CODE = YES;
				CLANG_WARN__DUPLICATE_METHOD_MATCH = YES;
				CODE_SIGN_IDENTITY = "iPhone Developer";
				COPY_PHASE_STRIP = NO;
				DEBUG_INFORMATION_FORMAT = dwarf;
				ENABLE_STRICT_OBJC_MSGSEND = YES;
				ENABLE_TESTABILITY = YES;
				GCC_C_LANGUAGE_STANDARD = gnu11;
				GCC_DYNAMIC_NO_PIC = NO;
				GCC_NO_COMMON_BLOCKS = YES;
				GCC_OPTIMIZATION_LEVEL = 0;
				GCC_PREPROCESSOR_DEFINITIONS = (
					"DEBUG=1",
					"$(inherited)",
				);
				GCC_WARN_64_TO_32_BIT_CONVERSION = YES;
				GCC_WARN_ABOUT_RETURN_TYPE = YES_ERROR;
				GCC_WARN_UNDECLARED_SELECTOR = YES;
				GCC_WARN_UNINITIALIZED_AUTOS = YES_AGGRESSIVE;
				GCC_WARN_UNUSED_FUNCTION = YES;
				GCC_WARN_UNUSED_VARIABLE = YES;
				IPHONEOS_DEPLOYMENT_TARGET = 12.1;
				MTL_ENABLE_DEBUG_INFO = INCLUDE_SOURCE;
				MTL_FAST_MATH = YES;
				ONLY_ACTIVE_ARCH = YES;
				SDKROOT = iphoneos;
				SWIFT_ACTIVE_COMPILATION_CONDITIONS = DEBUG;
				SWIFT_OPTIMIZATION_LEVEL = "-Onone";
			};
			name = Debug;
		};
		23B7374F2224926C000C2C82 /* Release */ = {
			isa = XCBuildConfiguration;
			buildSettings = {
				ALWAYS_SEARCH_USER_PATHS = NO;
				CLANG_ANALYZER_NONNULL = YES;
				CLANG_ANALYZER_NUMBER_OBJECT_CONVERSION = YES_AGGRESSIVE;
				CLANG_CXX_LANGUAGE_STANDARD = "gnu++14";
				CLANG_CXX_LIBRARY = "libc++";
				CLANG_ENABLE_MODULES = YES;
				CLANG_ENABLE_OBJC_ARC = YES;
				CLANG_ENABLE_OBJC_WEAK = YES;
				CLANG_WARN_BLOCK_CAPTURE_AUTORELEASING = YES;
				CLANG_WARN_BOOL_CONVERSION = YES;
				CLANG_WARN_COMMA = YES;
				CLANG_WARN_CONSTANT_CONVERSION = YES;
				CLANG_WARN_DEPRECATED_OBJC_IMPLEMENTATIONS = YES;
				CLANG_WARN_DIRECT_OBJC_ISA_USAGE = YES_ERROR;
				CLANG_WARN_DOCUMENTATION_COMMENTS = YES;
				CLANG_WARN_EMPTY_BODY = YES;
				CLANG_WARN_ENUM_CONVERSION = YES;
				CLANG_WARN_INFINITE_RECURSION = YES;
				CLANG_WARN_INT_CONVERSION = YES;
				CLANG_WARN_NON_LITERAL_NULL_CONVERSION = YES;
				CLANG_WARN_OBJC_IMPLICIT_RETAIN_SELF = YES;
				CLANG_WARN_OBJC_LITERAL_CONVERSION = YES;
				CLANG_WARN_OBJC_ROOT_CLASS = YES_ERROR;
				CLANG_WARN_RANGE_LOOP_ANALYSIS = YES;
				CLANG_WARN_STRICT_PROTOTYPES = YES;
				CLANG_WARN_SUSPICIOUS_MOVE = YES;
				CLANG_WARN_UNGUARDED_AVAILABILITY = YES_AGGRESSIVE;
				CLANG_WARN_UNREACHABLE_CODE = YES;
				CLANG_WARN__DUPLICATE_METHOD_MATCH = YES;
				CODE_SIGN_IDENTITY = "iPhone Developer";
				COPY_PHASE_STRIP = NO;
				DEBUG_INFORMATION_FORMAT = "dwarf-with-dsym";
				ENABLE_NS_ASSERTIONS = NO;
				ENABLE_STRICT_OBJC_MSGSEND = YES;
				GCC_C_LANGUAGE_STANDARD = gnu11;
				GCC_NO_COMMON_BLOCKS = YES;
				GCC_WARN_64_TO_32_BIT_CONVERSION = YES;
				GCC_WARN_ABOUT_RETURN_TYPE = YES_ERROR;
				GCC_WARN_UNDECLARED_SELECTOR = YES;
				GCC_WARN_UNINITIALIZED_AUTOS = YES_AGGRESSIVE;
				GCC_WARN_UNUSED_FUNCTION = YES;
				GCC_WARN_UNUSED_VARIABLE = YES;
				IPHONEOS_DEPLOYMENT_TARGET = 12.1;
				MTL_ENABLE_DEBUG_INFO = NO;
				MTL_FAST_MATH = YES;
				SDKROOT = iphoneos;
				SWIFT_COMPILATION_MODE = wholemodule;
				SWIFT_OPTIMIZATION_LEVEL = "-O";
				VALIDATE_PRODUCT = YES;
			};
			name = Release;
		};
		23B737512224926C000C2C82 /* Debug */ = {
			isa = XCBuildConfiguration;
			buildSettings = {
				ASSETCATALOG_COMPILER_APPICON_NAME = AppIcon;
				CODE_SIGN_IDENTITY = "iPhone Developer";
				CODE_SIGN_STYLE = Automatic;
				DEVELOPMENT_TEAM = GFS9M56X47;
				INFOPLIST_FILE = MotionClassifier/Info.plist;
				LD_RUNPATH_SEARCH_PATHS = (
					"$(inherited)",
					"@executable_path/Frameworks",
				);
				PRODUCT_BUNDLE_IDENTIFIER = martinmaritsch.MotionClassifier;
				PRODUCT_NAME = "$(TARGET_NAME)";
				PROVISIONING_PROFILE_SPECIFIER = "";
				SWIFT_VERSION = 4.2;
				TARGETED_DEVICE_FAMILY = 1;
			};
			name = Debug;
		};
		23B737522224926C000C2C82 /* Release */ = {
			isa = XCBuildConfiguration;
			buildSettings = {
				ASSETCATALOG_COMPILER_APPICON_NAME = AppIcon;
				CODE_SIGN_IDENTITY = "iPhone Developer";
				CODE_SIGN_STYLE = Automatic;
				DEVELOPMENT_TEAM = GFS9M56X47;
				INFOPLIST_FILE = MotionClassifier/Info.plist;
				LD_RUNPATH_SEARCH_PATHS = (
					"$(inherited)",
					"@executable_path/Frameworks",
				);
				PRODUCT_BUNDLE_IDENTIFIER = martinmaritsch.MotionClassifier;
				PRODUCT_NAME = "$(TARGET_NAME)";
				PROVISIONING_PROFILE_SPECIFIER = "";
				SWIFT_VERSION = 4.2;
				TARGETED_DEVICE_FAMILY = 1;
			};
			name = Release;
		};
/* End XCBuildConfiguration section */

/* Begin XCConfigurationList section */
		23B7373622249269000C2C82 /* Build configuration list for PBXProject "MotionClassifier" */ = {
			isa = XCConfigurationList;
			buildConfigurations = (
				23B7374E2224926C000C2C82 /* Debug */,
				23B7374F2224926C000C2C82 /* Release */,
			);
			defaultConfigurationIsVisible = 0;
			defaultConfigurationName = Release;
		};
		23B737502224926C000C2C82 /* Build configuration list for PBXNativeTarget "MotionClassifier" */ = {
			isa = XCConfigurationList;
			buildConfigurations = (
				23B737512224926C000C2C82 /* Debug */,
				23B737522224926C000C2C82 /* Release */,
			);
			defaultConfigurationIsVisible = 0;
			defaultConfigurationName = Release;
		};
/* End XCConfigurationList section */
	};
	rootObject = 23B7373322249269000C2C82 /* Project object */;
}
